
Microsoft Visual Studio Solution File, Format Version 12.00
# Visual Studio Version 16
VisualStudioVersion = 16.0.31424.327
MinimumVisualStudioVersion = 10.0.40219.1
Project("{FAE04EC0-301F-11D3-BF4B-00C04F79EFBC}") = "docrafERP", "docrafERP.csproj", "{FEC9987B-937C-4430-BDB7-62607B944BEB}"
EndProject
Global
	GlobalSection(SolutionConfigurationPlatforms) = preSolution
		Debug|Any CPU = Debug|Any CPU
		Release|Any CPU = Release|Any CPU
	EndGlobalSection
	GlobalSection(ProjectConfigurationPlatforms) = postSolution
		{FEC9987B-937C-4430-BDB7-62607B944BEB}.Debug|Any CPU.ActiveCfg = Debug|Any CPU
		{FEC9987B-937C-4430-BDB7-62607B944BEB}.Debug|Any CPU.Build.0 = Debug|Any CPU
		{FEC9987B-937C-4430-BDB7-62607B944BEB}.Release|Any CPU.ActiveCfg = Release|Any CPU
		{FEC9987B-937C-4430-BDB7-62607B944BEB}.Release|Any CPU.Build.0 = Release|Any CPU
	EndGlobalSection
	GlobalSection(SolutionProperties) = preSolution
		HideSolutionNode = FALSE
	EndGlobalSection
	GlobalSection(ExtensibilityGlobals) = postSolution
		SolutionGuid = {1712AAD6-4E36-4B03-99D8-19F86754BFFD}
	EndGlobalSection
EndGlobal
